// !$*UTF8*$!
{
	archiveVersion = 1;
	classes = {
	};
	objectVersion = 48;
	objects = {

/* Begin PBXBuildFile section */
		7697C2C3203AE6C100BE987D /* AppDelegate.swift in Sources */ = {isa = PBXBuildFile; fileRef = 7697C2C2203AE6C100BE987D /* AppDelegate.swift */; };
		7697C2C5203AE6C100BE987D /* ViewController.swift in Sources */ = {isa = PBXBuildFile; fileRef = 7697C2C4203AE6C100BE987D /* ViewController.swift */; };
		7697C2C8203AE6C100BE987D /* Main.storyboard in Resources */ = {isa = PBXBuildFile; fileRef = 7697C2C6203AE6C100BE987D /* Main.storyboard */; };
		7697C2CA203AE6C100BE987D /* Assets.xcassets in Resources */ = {isa = PBXBuildFile; fileRef = 7697C2C9203AE6C100BE987D /* Assets.xcassets */; };
		7697C2CD203AE6C100BE987D /* LaunchScreen.storyboard in Resources */ = {isa = PBXBuildFile; fileRef = 7697C2CB203AE6C100BE987D /* LaunchScreen.storyboard */; };
		7697C2F1203AE6D700BE987D /* Datas.swift in Sources */ = {isa = PBXBuildFile; fileRef = 7697C2F0203AE6D700BE987D /* Datas.swift */; };
		7697C2F3203AE81800BE987D /* OneMoveViewController.swift in Sources */ = {isa = PBXBuildFile; fileRef = 7697C2F2203AE81800BE987D /* OneMoveViewController.swift */; };
		7697C2F5203AE85700BE987D /* TwoMovesViewController.swift in Sources */ = {isa = PBXBuildFile; fileRef = 7697C2F4203AE85700BE987D /* TwoMovesViewController.swift */; };
		7697C2F7203B057200BE987D /* ThreeMovesViewController.swift in Sources */ = {isa = PBXBuildFile; fileRef = 7697C2F6203B057200BE987D /* ThreeMovesViewController.swift */; };
		7697C2F9203B07C100BE987D /* FourthMovesViewController.swift in Sources */ = {isa = PBXBuildFile; fileRef = 7697C2F8203B07C100BE987D /* FourthMovesViewController.swift */; };
/* End PBXBuildFile section */

/* Begin PBXContainerItemProxy section */
		7697C2D4203AE6C100BE987D /* PBXContainerItemProxy */ = {
			isa = PBXContainerItemProxy;
			containerPortal = 7697C2B7203AE6C100BE987D /* Project object */;
			proxyType = 1;
			remoteGlobalIDString = 7697C2BE203AE6C100BE987D;
			remoteInfo = ScenarioGame;
		};
		7697C2DF203AE6C100BE987D /* PBXContainerItemProxy */ = {
			isa = PBXContainerItemProxy;
			containerPortal = 7697C2B7203AE6C100BE987D /* Project object */;
			proxyType = 1;
			remoteGlobalIDString = 7697C2BE203AE6C100BE987D;
			remoteInfo = ScenarioGame;
		};
/* End PBXContainerItemProxy section */

/* Begin PBXFileReference section */
		7697C2BF203AE6C100BE987D /* ScenarioGame.app */ = {isa = PBXFileReference; explicitFileType = wrapper.application; includeInIndex = 0; path = ScenarioGame.app; sourceTree = BUILT_PRODUCTS_DIR; };
		7697C2C2203AE6C100BE987D /* AppDelegate.swift */ = {isa = PBXFileReference; lastKnownFileType = sourcecode.swift; path = AppDelegate.swift; sourceTree = "<group>"; };
		7697C2C4203AE6C100BE987D /* ViewController.swift */ = {isa = PBXFileReference; lastKnownFileType = sourcecode.swift; path = ViewController.swift; sourceTree = "<group>"; };
		7697C2C7203AE6C100BE987D /* Base */ = {isa = PBXFileReference; lastKnownFileType = file.storyboard; name = Base; path = Base.lproj/Main.storyboard; sourceTree = "<group>"; };
		7697C2C9203AE6C100BE987D /* Assets.xcassets */ = {isa = PBXFileReference; lastKnownFileType = folder.assetcatalog; path = Assets.xcassets; sourceTree = "<group>"; };
		7697C2CC203AE6C100BE987D /* Base */ = {isa = PBXFileReference; lastKnownFileType = file.storyboard; name = Base; path = Base.lproj/LaunchScreen.storyboard; sourceTree = "<group>"; };
		7697C2CE203AE6C100BE987D /* Info.plist */ = {isa = PBXFileReference; lastKnownFileType = text.plist.xml; path = Info.plist; sourceTree = "<group>"; };
		7697C2D3203AE6C100BE987D /* ScenarioGameTests.xctest */ = {isa = PBXFileReference; explicitFileType = wrapper.cfbundle; includeInIndex = 0; path = ScenarioGameTests.xctest; sourceTree = BUILT_PRODUCTS_DIR; };
		7697C2DE203AE6C100BE987D /* ScenarioGameUITests.xctest */ = {isa = PBXFileReference; explicitFileType = wrapper.cfbundle; includeInIndex = 0; path = ScenarioGameUITests.xctest; sourceTree = BUILT_PRODUCTS_DIR; };
		7697C2F0203AE6D700BE987D /* Datas.swift */ = {isa = PBXFileReference; lastKnownFileType = sourcecode.swift; path = Datas.swift; sourceTree = "<group>"; };
		7697C2F2203AE81800BE987D /* OneMoveViewController.swift */ = {isa = PBXFileReference; lastKnownFileType = sourcecode.swift; path = OneMoveViewController.swift; sourceTree = "<group>"; };
		7697C2F4203AE85700BE987D /* TwoMovesViewController.swift */ = {isa = PBXFileReference; lastKnownFileType = sourcecode.swift; path = TwoMovesViewController.swift; sourceTree = "<group>"; };
		7697C2F6203B057200BE987D /* ThreeMovesViewController.swift */ = {isa = PBXFileReference; lastKnownFileType = sourcecode.swift; path = ThreeMovesViewController.swift; sourceTree = "<group>"; };
		7697C2F8203B07C100BE987D /* FourthMovesViewController.swift */ = {isa = PBXFileReference; lastKnownFileType = sourcecode.swift; path = FourthMovesViewController.swift; sourceTree = "<group>"; };
/* End PBXFileReference section */

/* Begin PBXFrameworksBuildPhase section */
		7697C2BC203AE6C100BE987D /* Frameworks */ = {
			isa = PBXFrameworksBuildPhase;
			buildActionMask = 2147483647;
			files = (
			);
			runOnlyForDeploymentPostprocessing = 0;
		};
		7697C2D0203AE6C100BE987D /* Frameworks */ = {
			isa = PBXFrameworksBuildPhase;
			buildActionMask = 2147483647;
			files = (
			);
			runOnlyForDeploymentPostprocessing = 0;
		};
		7697C2DB203AE6C100BE987D /* Frameworks */ = {
			isa = PBXFrameworksBuildPhase;
			buildActionMask = 2147483647;
			files = (
			);
			runOnlyForDeploymentPostprocessing = 0;
		};
/* End PBXFrameworksBuildPhase section */

/* Begin PBXGroup section */
		7697C2B6203AE6C100BE987D = {
			isa = PBXGroup;
			children = (
				7697C2C1203AE6C100BE987D /* ScenarioGame */,
				7697C2C0203AE6C100BE987D /* Products */,
			);
			sourceTree = "<group>";
		};
		7697C2C0203AE6C100BE987D /* Products */ = {
			isa = PBXGroup;
			children = (
				7697C2BF203AE6C100BE987D /* ScenarioGame.app */,
				7697C2D3203AE6C100BE987D /* ScenarioGameTests.xctest */,
				7697C2DE203AE6C100BE987D /* ScenarioGameUITests.xctest */,
			);
			name = Products;
			sourceTree = "<group>";
		};
		7697C2C1203AE6C100BE987D /* ScenarioGame */ = {
			isa = PBXGroup;
			children = (
				7697C2C2203AE6C100BE987D /* AppDelegate.swift */,
				7697C2C4203AE6C100BE987D /* ViewController.swift */,
				7697C2C6203AE6C100BE987D /* Main.storyboard */,
				7697C2C9203AE6C100BE987D /* Assets.xcassets */,
				7697C2CB203AE6C100BE987D /* LaunchScreen.storyboard */,
				7697C2CE203AE6C100BE987D /* Info.plist */,
				7697C2F0203AE6D700BE987D /* Datas.swift */,
				7697C2F2203AE81800BE987D /* OneMoveViewController.swift */,
				7697C2F4203AE85700BE987D /* TwoMovesViewController.swift */,
				7697C2F6203B057200BE987D /* ThreeMovesViewController.swift */,
				7697C2F8203B07C100BE987D /* FourthMovesViewController.swift */,
			);
			path = ScenarioGame;
			sourceTree = "<group>";
		};
/* End PBXGroup section */

/* Begin PBXNativeTarget section */
		7697C2BE203AE6C100BE987D /* ScenarioGame */ = {
			isa = PBXNativeTarget;
			buildConfigurationList = 7697C2E7203AE6C100BE987D /* Build configuration list for PBXNativeTarget "ScenarioGame" */;
			buildPhases = (
				7697C2BB203AE6C100BE987D /* Sources */,
				7697C2BC203AE6C100BE987D /* Frameworks */,
				7697C2BD203AE6C100BE987D /* Resources */,
			);
			buildRules = (
			);
			dependencies = (
			);
			name = ScenarioGame;
			productName = ScenarioGame;
			productReference = 7697C2BF203AE6C100BE987D /* ScenarioGame.app */;
			productType = "com.apple.product-type.application";
		};
		7697C2D2203AE6C100BE987D /* ScenarioGameTests */ = {
			isa = PBXNativeTarget;
			buildConfigurationList = 7697C2EA203AE6C100BE987D /* Build configuration list for PBXNativeTarget "ScenarioGameTests" */;
			buildPhases = (
				7697C2CF203AE6C100BE987D /* Sources */,
				7697C2D0203AE6C100BE987D /* Frameworks */,
				7697C2D1203AE6C100BE987D /* Resources */,
			);
			buildRules = (
			);
			dependencies = (
				7697C2D5203AE6C100BE987D /* PBXTargetDependency */,
			);
			name = ScenarioGameTests;
			productName = ScenarioGameTests;
			productReference = 7697C2D3203AE6C100BE987D /* ScenarioGameTests.xctest */;
			productType = "com.apple.product-type.bundle.unit-test";
		};
		7697C2DD203AE6C100BE987D /* ScenarioGameUITests */ = {
			isa = PBXNativeTarget;
			buildConfigurationList = 7697C2ED203AE6C100BE987D /* Build configuration list for PBXNativeTarget "ScenarioGameUITests" */;
			buildPhases = (
				7697C2DA203AE6C100BE987D /* Sources */,
				7697C2DB203AE6C100BE987D /* Frameworks */,
				7697C2DC203AE6C100BE987D /* Resources */,
			);
			buildRules = (
			);
			dependencies = (
				7697C2E0203AE6C100BE987D /* PBXTargetDependency */,
			);
			name = ScenarioGameUITests;
			productName = ScenarioGameUITests;
			productReference = 7697C2DE203AE6C100BE987D /* ScenarioGameUITests.xctest */;
			productType = "com.apple.product-type.bundle.ui-testing";
		};
/* End PBXNativeTarget section */

/* Begin PBXProject section */
		7697C2B7203AE6C100BE987D /* Project object */ = {
			isa = PBXProject;
			attributes = {
				LastSwiftUpdateCheck = 0920;
				LastUpgradeCheck = 0920;
				ORGANIZATIONNAME = "Antonio Mone";
				TargetAttributes = {
					7697C2BE203AE6C100BE987D = {
						CreatedOnToolsVersion = 9.2;
						ProvisioningStyle = Automatic;
					};
					7697C2D2203AE6C100BE987D = {
						CreatedOnToolsVersion = 9.2;
						ProvisioningStyle = Automatic;
						TestTargetID = 7697C2BE203AE6C100BE987D;
					};
					7697C2DD203AE6C100BE987D = {
						CreatedOnToolsVersion = 9.2;
						ProvisioningStyle = Automatic;
						TestTargetID = 7697C2BE203AE6C100BE987D;
					};
				};
			};
			buildConfigurationList = 7697C2BA203AE6C100BE987D /* Build configuration list for PBXProject "ScenarioGame" */;
			compatibilityVersion = "Xcode 8.0";
			developmentRegion = en;
			hasScannedForEncodings = 0;
			knownRegions = (
				en,
				Base,
			);
			mainGroup = 7697C2B6203AE6C100BE987D;
			productRefGroup = 7697C2C0203AE6C100BE987D /* Products */;
			projectDirPath = "";
			projectRoot = "";
			targets = (
				7697C2BE203AE6C100BE987D /* ScenarioGame */,
				7697C2D2203AE6C100BE987D /* ScenarioGameTests */,
				7697C2DD203AE6C100BE987D /* ScenarioGameUITests */,
			);
		};
/* End PBXProject section */

/* Begin PBXResourcesBuildPhase section */
		7697C2BD203AE6C100BE987D /* Resources */ = {
			isa = PBXResourcesBuildPhase;
			buildActionMask = 2147483647;
			files = (
				7697C2CD203AE6C100BE987D /* LaunchScreen.storyboard in Resources */,
				7697C2CA203AE6C100BE987D /* Assets.xcassets in Resources */,
				7697C2C8203AE6C100BE987D /* Main.storyboard in Resources */,
			);
			runOnlyForDeploymentPostprocessing = 0;
		};
		7697C2D1203AE6C100BE987D /* Resources */ = {
			isa = PBXResourcesBuildPhase;
			buildActionMask = 2147483647;
			files = (
			);
			runOnlyForDeploymentPostprocessing = 0;
		};
		7697C2DC203AE6C100BE987D /* Resources */ = {
			isa = PBXResourcesBuildPhase;
			buildActionMask = 2147483647;
			files = (
			);
			runOnlyForDeploymentPostprocessing = 0;
		};
/* End PBXResourcesBuildPhase section */

/* Begin PBXSourcesBuildPhase section */
		7697C2BB203AE6C100BE987D /* Sources */ = {
			isa = PBXSourcesBuildPhase;
			buildActionMask = 2147483647;
			files = (
				7697C2C5203AE6C100BE987D /* ViewController.swift in Sources */,
				7697C2F1203AE6D700BE987D /* Datas.swift in Sources */,
				7697C2F9203B07C100BE987D /* FourthMovesViewController.swift in Sources */,
				7697C2F5203AE85700BE987D /* TwoMovesViewController.swift in Sources */,
				7697C2F3203AE81800BE987D /* OneMoveViewController.swift in Sources */,
				7697C2F7203B057200BE987D /* ThreeMovesViewController.swift in Sources */,
				7697C2C3203AE6C100BE987D /* AppDelegate.swift in Sources */,
			);
			runOnlyForDeploymentPostprocessing = 0;
		};
		7697C2CF203AE6C100BE987D /* Sources */ = {
			isa = PBXSourcesBuildPhase;
			buildActionMask = 2147483647;
			files = (
			);
			runOnlyForDeploymentPostprocessing = 0;
		};
		7697C2DA203AE6C100BE987D /* Sources */ = {
			isa = PBXSourcesBuildPhase;
			buildActionMask = 2147483647;
			files = (
			);
			runOnlyForDeploymentPostprocessing = 0;
		};
/* End PBXSourcesBuildPhase section */

/* Begin PBXTargetDependency section */
		7697C2D5203AE6C100BE987D /* PBXTargetDependency */ = {
			isa = PBXTargetDependency;
			target = 7697C2BE203AE6C100BE987D /* ScenarioGame */;
			targetProxy = 7697C2D4203AE6C100BE987D /* PBXContainerItemProxy */;
		};
		7697C2E0203AE6C100BE987D /* PBXTargetDependency */ = {
			isa = PBXTargetDependency;
			target = 7697C2BE203AE6C100BE987D /* ScenarioGame */;
			targetProxy = 7697C2DF203AE6C100BE987D /* PBXContainerItemProxy */;
		};
/* End PBXTargetDependency section */

/* Begin PBXVariantGroup section */
		7697C2C6203AE6C100BE987D /* Main.storyboard */ = {
			isa = PBXVariantGroup;
			children = (
				7697C2C7203AE6C100BE987D /* Base */,
			);
			name = Main.storyboard;
			sourceTree = "<group>";
		};
		7697C2CB203AE6C100BE987D /* LaunchScreen.storyboard */ = {
			isa = PBXVariantGroup;
			children = (
				7697C2CC203AE6C100BE987D /* Base */,
			);
			name = LaunchScreen.storyboard;
			sourceTree = "<group>";
		};
/* End PBXVariantGroup section */

/* Begin XCBuildConfiguration section */
		7697C2E5203AE6C100BE987D /* Debug */ = {
			isa = XCBuildConfiguration;
			buildSettings = {
				ALWAYS_SEARCH_USER_PATHS = NO;
				CLANG_ANALYZER_NONNULL = YES;
				CLANG_ANALYZER_NUMBER_OBJECT_CONVERSION = YES_AGGRESSIVE;
				CLANG_CXX_LANGUAGE_STANDARD = "gnu++14";
				CLANG_CXX_LIBRARY = "libc++";
				CLANG_ENABLE_MODULES = YES;
				CLANG_ENABLE_OBJC_ARC = YES;
				CLANG_WARN_BLOCK_CAPTURE_AUTORELEASING = YES;
				CLANG_WARN_BOOL_CONVERSION = YES;
				CLANG_WARN_COMMA = YES;
				CLANG_WARN_CONSTANT_CONVERSION = YES;
				CLANG_WARN_DIRECT_OBJC_ISA_USAGE = YES_ERROR;
				CLANG_WARN_DOCUMENTATION_COMMENTS = YES;
				CLANG_WARN_EMPTY_BODY = YES;
				CLANG_WARN_ENUM_CONVERSION = YES;
				CLANG_WARN_INFINITE_RECURSION = YES;
				CLANG_WARN_INT_CONVERSION = YES;
				CLANG_WARN_NON_LITERAL_NULL_CONVERSION = YES;
				CLANG_WARN_OBJC_LITERAL_CONVERSION = YES;
				CLANG_WARN_OBJC_ROOT_CLASS = YES_ERROR;
				CLANG_WARN_RANGE_LOOP_ANALYSIS = YES;
				CLANG_WARN_STRICT_PROTOTYPES = YES;
				CLANG_WARN_SUSPICIOUS_MOVE = YES;
				CLANG_WARN_UNGUARDED_AVAILABILITY = YES_AGGRESSIVE;
				CLANG_WARN_UNREACHABLE_CODE = YES;
				CLANG_WARN__DUPLICATE_METHOD_MATCH = YES;
				CODE_SIGN_IDENTITY = "iPhone Developer";
				COPY_PHASE_STRIP = NO;
				DEBUG_INFORMATION_FORMAT = dwarf;
				ENABLE_STRICT_OBJC_MSGSEND = YES;
				ENABLE_TESTABILITY = YES;
				GCC_C_LANGUAGE_STANDARD = gnu11;
				GCC_DYNAMIC_NO_PIC = NO;
				GCC_NO_COMMON_BLOCKS = YES;
				GCC_OPTIMIZATION_LEVEL = 0;
				GCC_PREPROCESSOR_DEFINITIONS = (
					"DEBUG=1",
					"$(inherited)",
				);
				GCC_WARN_64_TO_32_BIT_CONVERSION = YES;
				GCC_WARN_ABOUT_RETURN_TYPE = YES_ERROR;
				GCC_WARN_UNDECLARED_SELECTOR = YES;
				GCC_WARN_UNINITIALIZED_AUTOS = YES_AGGRESSIVE;
				GCC_WARN_UNUSED_FUNCTION = YES;
				GCC_WARN_UNUSED_VARIABLE = YES;
				IPHONEOS_DEPLOYMENT_TARGET = 11.2;
				MTL_ENABLE_DEBUG_INFO = YES;
				ONLY_ACTIVE_ARCH = YES;
				SDKROOT = iphoneos;
				SWIFT_ACTIVE_COMPILATION_CONDITIONS = DEBUG;
				SWIFT_OPTIMIZATION_LEVEL = "-Onone";
			};
			name = Debug;
		};
		7697C2E6203AE6C100BE987D /* Release */ = {
			isa = XCBuildConfiguration;
			buildSettings = {
				ALWAYS_SEARCH_USER_PATHS = NO;
				CLANG_ANALYZER_NONNULL = YES;
				CLANG_ANALYZER_NUMBER_OBJECT_CONVERSION = YES_AGGRESSIVE;
				CLANG_CXX_LANGUAGE_STANDARD = "gnu++14";
				CLANG_CXX_LIBRARY = "libc++";
				CLANG_ENABLE_MODULES = YES;
				CLANG_ENABLE_OBJC_ARC = YES;
				CLANG_WARN_BLOCK_CAPTURE_AUTORELEASING = YES;
				CLANG_WARN_BOOL_CONVERSION = YES;
				CLANG_WARN_COMMA = YES;
				CLANG_WARN_CONSTANT_CONVERSION = YES;
				CLANG_WARN_DIRECT_OBJC_ISA_USAGE = YES_ERROR;
				CLANG_WARN_DOCUMENTATION_COMMENTS = YES;
				CLANG_WARN_EMPTY_BODY = YES;
				CLANG_WARN_ENUM_CONVERSION = YES;
				CLANG_WARN_INFINITE_RECURSION = YES;
				CLANG_WARN_INT_CONVERSION = YES;
				CLANG_WARN_NON_LITERAL_NULL_CONVERSION = YES;
				CLANG_WARN_OBJC_LITERAL_CONVERSION = YES;
				CLANG_WARN_OBJC_ROOT_CLASS = YES_ERROR;
				CLANG_WARN_RANGE_LOOP_ANALYSIS = YES;
				CLANG_WARN_STRICT_PROTOTYPES = YES;
				CLANG_WARN_SUSPICIOUS_MOVE = YES;
				CLANG_WARN_UNGUARDED_AVAILABILITY = YES_AGGRESSIVE;
				CLANG_WARN_UNREACHABLE_CODE = YES;
				CLANG_WARN__DUPLICATE_METHOD_MATCH = YES;
				CODE_SIGN_IDENTITY = "iPhone Developer";
				COPY_PHASE_STRIP = NO;
				DEBUG_INFORMATION_FORMAT = "dwarf-with-dsym";
				ENABLE_NS_ASSERTIONS = NO;
				ENABLE_STRICT_OBJC_MSGSEND = YES;
				GCC_C_LANGUAGE_STANDARD = gnu11;
				GCC_NO_COMMON_BLOCKS = YES;
				GCC_WARN_64_TO_32_BIT_CONVERSION = YES;
				GCC_WARN_ABOUT_RETURN_TYPE = YES_ERROR;
				GCC_WARN_UNDECLARED_SELECTOR = YES;
				GCC_WARN_UNINITIALIZED_AUTOS = YES_AGGRESSIVE;
				GCC_WARN_UNUSED_FUNCTION = YES;
				GCC_WARN_UNUSED_VARIABLE = YES;
				IPHONEOS_DEPLOYMENT_TARGET = 11.2;
				MTL_ENABLE_DEBUG_INFO = NO;
				SDKROOT = iphoneos;
				SWIFT_OPTIMIZATION_LEVEL = "-Owholemodule";
				VALIDATE_PRODUCT = YES;
			};
			name = Release;
		};
		7697C2E8203AE6C100BE987D /* Debug */ = {
			isa = XCBuildConfiguration;
			buildSettings = {
				ASSETCATALOG_COMPILER_APPICON_NAME = AppIcon;
				CODE_SIGN_STYLE = Automatic;
				DEVELOPMENT_TEAM = GRC4V449S2;
				INFOPLIST_FILE = ScenarioGame/Info.plist;
				LD_RUNPATH_SEARCH_PATHS = "$(inherited) @executable_path/Frameworks";
				PRODUCT_BUNDLE_IDENTIFIER = monioApps.ScenarioGame;
				PRODUCT_NAME = "$(TARGET_NAME)";
				SWIFT_VERSION = 4.0;
				TARGETED_DEVICE_FAMILY = 2;
			};
			name = Debug;
		};
		7697C2E9203AE6C100BE987D /* Release */ = {
			isa = XCBuildConfiguration;
			buildSettings = {
				ASSETCATALOG_COMPILER_APPICON_NAME = AppIcon;
				CODE_SIGN_STYLE = Automatic;
				DEVELOPMENT_TEAM = GRC4V449S2;
				INFOPLIST_FILE = ScenarioGame/Info.plist;
				LD_RUNPATH_SEARCH_PATHS = "$(inherited) @executable_path/Frameworks";
				PRODUCT_BUNDLE_IDENTIFIER = monioApps.ScenarioGame;
				PRODUCT_NAME = "$(TARGET_NAME)";
				SWIFT_VERSION = 4.0;
				TARGETED_DEVICE_FAMILY = 2;
			};
			name = Release;
		};
		7697C2EB203AE6C100BE987D /* Debug */ = {
			isa = XCBuildConfiguration;
			buildSettings = {
				ALWAYS_EMBED_SWIFT_STANDARD_LIBRARIES = YES;
				BUNDLE_LOADER = "$(TEST_HOST)";
				CODE_SIGN_STYLE = Automatic;
				DEVELOPMENT_TEAM = GRC4V449S2;
				INFOPLIST_FILE = ScenarioGameTests/Info.plist;
				LD_RUNPATH_SEARCH_PATHS = "$(inherited) @executable_path/Frameworks @loader_path/Frameworks";
				PRODUCT_BUNDLE_IDENTIFIER = monioApps.ScenarioGameTests;
				PRODUCT_NAME = "$(TARGET_NAME)";
				SWIFT_VERSION = 4.0;
				TARGETED_DEVICE_FAMILY = "1,2";
				TEST_HOST = "$(BUILT_PRODUCTS_DIR)/ScenarioGame.app/ScenarioGame";
			};
			name = Debug;
		};
		7697C2EC203AE6C100BE987D /* Release */ = {
			isa = XCBuildConfiguration;
			buildSettings = {
				ALWAYS_EMBED_SWIFT_STANDARD_LIBRARIES = YES;
				BUNDLE_LOADER = "$(TEST_HOST)";
				CODE_SIGN_STYLE = Automatic;
				DEVELOPMENT_TEAM = GRC4V449S2;
				INFOPLIST_FILE = ScenarioGameTests/Info.plist;
				LD_RUNPATH_SEARCH_PATHS = "$(inherited) @executable_path/Frameworks @loader_path/Frameworks";
				PRODUCT_BUNDLE_IDENTIFIER = monioApps.ScenarioGameTests;
				PRODUCT_NAME = "$(TARGET_NAME)";
				SWIFT_VERSION = 4.0;
				TARGETED_DEVICE_FAMILY = "1,2";
				TEST_HOST = "$(BUILT_PRODUCTS_DIR)/ScenarioGame.app/ScenarioGame";
			};
			name = Release;
		};
		7697C2EE203AE6C100BE987D /* Debug */ = {
			isa = XCBuildConfiguration;
			buildSettings = {
				ALWAYS_EMBED_SWIFT_STANDARD_LIBRARIES = YES;
				CODE_SIGN_STYLE = Automatic;
				DEVELOPMENT_TEAM = GRC4V449S2;
				INFOPLIST_FILE = ScenarioGameUITests/Info.plist;
				LD_RUNPATH_SEARCH_PATHS = "$(inherited) @executable_path/Frameworks @loader_path/Frameworks";
				PRODUCT_BUNDLE_IDENTIFIER = monioApps.ScenarioGameUITests;
				PRODUCT_NAME = "$(TARGET_NAME)";
				SWIFT_VERSION = 4.0;
				TARGETED_DEVICE_FAMILY = "1,2";
				TEST_TARGET_NAME = ScenarioGame;
			};
			name = Debug;
		};
		7697C2EF203AE6C100BE987D /* Release */ = {
			isa = XCBuildConfiguration;
			buildSettings = {
				ALWAYS_EMBED_SWIFT_STANDARD_LIBRARIES = YES;
				CODE_SIGN_STYLE = Automatic;
				DEVELOPMENT_TEAM = GRC4V449S2;
				INFOPLIST_FILE = ScenarioGameUITests/Info.plist;
				LD_RUNPATH_SEARCH_PATHS = "$(inherited) @executable_path/Frameworks @loader_path/Frameworks";
				PRODUCT_BUNDLE_IDENTIFIER = monioApps.ScenarioGameUITests;
				PRODUCT_NAME = "$(TARGET_NAME)";
				SWIFT_VERSION = 4.0;
				TARGETED_DEVICE_FAMILY = "1,2";
				TEST_TARGET_NAME = ScenarioGame;
			};
			name = Release;
		};
/* End XCBuildConfiguration section */

/* Begin XCConfigurationList section */
		7697C2BA203AE6C100BE987D /* Build configuration list for PBXProject "ScenarioGame" */ = {
			isa = XCConfigurationList;
			buildConfigurations = (
				7697C2E5203AE6C100BE987D /* Debug */,
				7697C2E6203AE6C100BE987D /* Release */,
			);
			defaultConfigurationIsVisible = 0;
			defaultConfigurationName = Release;
		};
		7697C2E7203AE6C100BE987D /* Build configuration list for PBXNativeTarget "ScenarioGame" */ = {
			isa = XCConfigurationList;
			buildConfigurations = (
				7697C2E8203AE6C100BE987D /* Debug */,
				7697C2E9203AE6C100BE987D /* Release */,
			);
			defaultConfigurationIsVisible = 0;
			defaultConfigurationName = Release;
		};
		7697C2EA203AE6C100BE987D /* Build configuration list for PBXNativeTarget "ScenarioGameTests" */ = {
			isa = XCConfigurationList;
			buildConfigurations = (
				7697C2EB203AE6C100BE987D /* Debug */,
				7697C2EC203AE6C100BE987D /* Release */,
			);
			defaultConfigurationIsVisible = 0;
			defaultConfigurationName = Release;
		};
		7697C2ED203AE6C100BE987D /* Build configuration list for PBXNativeTarget "ScenarioGameUITests" */ = {
			isa = XCConfigurationList;
			buildConfigurations = (
				7697C2EE203AE6C100BE987D /* Debug */,
				7697C2EF203AE6C100BE987D /* Release */,
			);
			defaultConfigurationIsVisible = 0;
			defaultConfigurationName = Release;
		};
/* End XCConfigurationList section */
	};
	rootObject = 7697C2B7203AE6C100BE987D /* Project object */;
}
